
Microsoft Visual Studio Solution File, Format Version 12.00
# Visual Studio Version 17
VisualStudioVersion = 17.0.31903.59
MinimumVisualStudioVersion = 10.0.40219.1
Project("{FAE04EC0-301F-11D3-BF4B-00C04F79EFBC}") = "GeoStore.Tests", "GeoStore.Tests\GeoStore.Tests.csproj", "{C49474A9-74AE-4111-B423-66849674405A}"
EndProject
Project("{FAE04EC0-301F-11D3-BF4B-00C04F79EFBC}") = "GeoStore.Core", "GeoStore.Core\GeoStore.Core.csproj", "{5F9BC5D6-7183-49EA-9FCF-A8684949E0E2}"
EndProject
Project("{FAE04EC0-301F-11D3-BF4B-00C04F79EFBC}") = "GeoStore.CosmosDB", "GeoStore.CosmosDB\GeoStore.CosmosDB.csproj", "{2102D878-E39B-4617-AFEF-E1F6D044CFB7}"
EndProject
Project("{FAE04EC0-301F-11D3-BF4B-00C04F79EFBC}") = "GeoStore.Service", "GeoStore.Service\GeoStore.Service.csproj", "{6A2996E7-71FD-45D4-85F2-9865C2634FAC}"
EndProject
Global
	GlobalSection(SolutionConfigurationPlatforms) = preSolution
		Debug|Any CPU = Debug|Any CPU
		Release|Any CPU = Release|Any CPU
	EndGlobalSection
	GlobalSection(SolutionProperties) = preSolution
		HideSolutionNode = FALSE
	EndGlobalSection
	GlobalSection(ProjectConfigurationPlatforms) = postSolution
		{C49474A9-74AE-4111-B423-66849674405A}.Debug|Any CPU.ActiveCfg = Debug|Any CPU
		{C49474A9-74AE-4111-B423-66849674405A}.Debug|Any CPU.Build.0 = Debug|Any CPU
		{C49474A9-74AE-4111-B423-66849674405A}.Release|Any CPU.ActiveCfg = Release|Any CPU
		{C49474A9-74AE-4111-B423-66849674405A}.Release|Any CPU.Build.0 = Release|Any CPU
		{5F9BC5D6-7183-49EA-9FCF-A8684949E0E2}.Debug|Any CPU.ActiveCfg = Debug|Any CPU
		{5F9BC5D6-7183-49EA-9FCF-A8684949E0E2}.Debug|Any CPU.Build.0 = Debug|Any CPU
		{5F9BC5D6-7183-49EA-9FCF-A8684949E0E2}.Release|Any CPU.ActiveCfg = Release|Any CPU
		{5F9BC5D6-7183-49EA-9FCF-A8684949E0E2}.Release|Any CPU.Build.0 = Release|Any CPU
		{2102D878-E39B-4617-AFEF-E1F6D044CFB7}.Debug|Any CPU.ActiveCfg = Debug|Any CPU
		{2102D878-E39B-4617-AFEF-E1F6D044CFB7}.Debug|Any CPU.Build.0 = Debug|Any CPU
		{2102D878-E39B-4617-AFEF-E1F6D044CFB7}.Release|Any CPU.ActiveCfg = Release|Any CPU
		{2102D878-E39B-4617-AFEF-E1F6D044CFB7}.Release|Any CPU.Build.0 = Release|Any CPU
		{6A2996E7-71FD-45D4-85F2-9865C2634FAC}.Debug|Any CPU.ActiveCfg = Debug|Any CPU
		{6A2996E7-71FD-45D4-85F2-9865C2634FAC}.Debug|Any CPU.Build.0 = Debug|Any CPU
		{6A2996E7-71FD-45D4-85F2-9865C2634FAC}.Release|Any CPU.ActiveCfg = Release|Any CPU
		{6A2996E7-71FD-45D4-85F2-9865C2634FAC}.Release|Any CPU.Build.0 = Release|Any CPU
	EndGlobalSection
EndGlobal
